// !$*UTF8*$!
{
	archiveVersion = 1;
	classes = {
	};
	objectVersion = 50;
	objects = {

/* Begin PBXBuildFile section */
		D99A2846207691E40017F516 /* AppDelegate.swift in Sources */ = {isa = PBXBuildFile; fileRef = D99A2845207691E40017F516 /* AppDelegate.swift */; };
		D99A284B207691E40017F516 /* Main.storyboard in Resources */ = {isa = PBXBuildFile; fileRef = D99A2849207691E40017F516 /* Main.storyboard */; };
		D99A284D207691E60017F516 /* Assets.xcassets in Resources */ = {isa = PBXBuildFile; fileRef = D99A284C207691E60017F516 /* Assets.xcassets */; };
		D99A2850207691E60017F516 /* LaunchScreen.storyboard in Resources */ = {isa = PBXBuildFile; fileRef = D99A284E207691E60017F516 /* LaunchScreen.storyboard */; };
		D99A285B207696C30017F516 /* field_observations.json in Resources */ = {isa = PBXBuildFile; fileRef = D99A285A207696C30017F516 /* field_observations.json */; };
		D99A285D2076980D0017F516 /* Classification.swift in Sources */ = {isa = PBXBuildFile; fileRef = D99A285C2076980D0017F516 /* Classification.swift */; };
		D99A285F20769B8E0017F516 /* ClassificationAnimal.swift in Sources */ = {isa = PBXBuildFile; fileRef = D99A285E20769B8E0017F516 /* ClassificationAnimal.swift */; };
		D99A28612076A0B50017F516 /* ClassificationAnimalJSONParser.swift in Sources */ = {isa = PBXBuildFile; fileRef = D99A28602076A0B50017F516 /* ClassificationAnimalJSONParser.swift */; };
		D99A28632076A8CA0017F516 /* ClassificationAnimalJSONLoader.swift in Sources */ = {isa = PBXBuildFile; fileRef = D99A28622076A8CA0017F516 /* ClassificationAnimalJSONLoader.swift */; };
		D99A28652076B2060017F516 /* ClassificationAnimalsViewController.swift in Sources */ = {isa = PBXBuildFile; fileRef = D99A28642076B2060017F516 /* ClassificationAnimalsViewController.swift */; };
		D99A28672076B2380017F516 /* ObservationViewController.swift in Sources */ = {isa = PBXBuildFile; fileRef = D99A28662076B2380017F516 /* ObservationViewController.swift */; };
		D99A28692076B80E0017F516 /* ObservationTableViewCell.swift in Sources */ = {isa = PBXBuildFile; fileRef = D99A28682076B80E0017F516 /* ObservationTableViewCell.swift */; };
/* End PBXBuildFile section */

/* Begin PBXFileReference section */
		D99A2842207691E40017F516 /* Field Survey.app */ = {isa = PBXFileReference; explicitFileType = wrapper.application; includeInIndex = 0; path = "Field Survey.app"; sourceTree = BUILT_PRODUCTS_DIR; };
		D99A2845207691E40017F516 /* AppDelegate.swift */ = {isa = PBXFileReference; lastKnownFileType = sourcecode.swift; path = AppDelegate.swift; sourceTree = "<group>"; };
		D99A284A207691E40017F516 /* Base */ = {isa = PBXFileReference; lastKnownFileType = file.storyboard; name = Base; path = Base.lproj/Main.storyboard; sourceTree = "<group>"; };
		D99A284C207691E60017F516 /* Assets.xcassets */ = {isa = PBXFileReference; lastKnownFileType = folder.assetcatalog; path = Assets.xcassets; sourceTree = "<group>"; };
		D99A284F207691E60017F516 /* Base */ = {isa = PBXFileReference; lastKnownFileType = file.storyboard; name = Base; path = Base.lproj/LaunchScreen.storyboard; sourceTree = "<group>"; };
		D99A2851207691E60017F516 /* Info.plist */ = {isa = PBXFileReference; lastKnownFileType = text.plist.xml; path = Info.plist; sourceTree = "<group>"; };
		D99A285A207696C30017F516 /* field_observations.json */ = {isa = PBXFileReference; fileEncoding = 4; lastKnownFileType = text.json; path = field_observations.json; sourceTree = "<group>"; };
		D99A285C2076980D0017F516 /* Classification.swift */ = {isa = PBXFileReference; lastKnownFileType = sourcecode.swift; path = Classification.swift; sourceTree = "<group>"; };
		D99A285E20769B8E0017F516 /* ClassificationAnimal.swift */ = {isa = PBXFileReference; lastKnownFileType = sourcecode.swift; path = ClassificationAnimal.swift; sourceTree = "<group>"; };
		D99A28602076A0B50017F516 /* ClassificationAnimalJSONParser.swift */ = {isa = PBXFileReference; lastKnownFileType = sourcecode.swift; path = ClassificationAnimalJSONParser.swift; sourceTree = "<group>"; };
		D99A28622076A8CA0017F516 /* ClassificationAnimalJSONLoader.swift */ = {isa = PBXFileReference; lastKnownFileType = sourcecode.swift; path = ClassificationAnimalJSONLoader.swift; sourceTree = "<group>"; };
		D99A28642076B2060017F516 /* ClassificationAnimalsViewController.swift */ = {isa = PBXFileReference; lastKnownFileType = sourcecode.swift; path = ClassificationAnimalsViewController.swift; sourceTree = "<group>"; };
		D99A28662076B2380017F516 /* ObservationViewController.swift */ = {isa = PBXFileReference; lastKnownFileType = sourcecode.swift; path = ObservationViewController.swift; sourceTree = "<group>"; };
		D99A28682076B80E0017F516 /* ObservationTableViewCell.swift */ = {isa = PBXFileReference; lastKnownFileType = sourcecode.swift; path = ObservationTableViewCell.swift; sourceTree = "<group>"; };
/* End PBXFileReference section */

/* Begin PBXFrameworksBuildPhase section */
		D99A283F207691E40017F516 /* Frameworks */ = {
			isa = PBXFrameworksBuildPhase;
			buildActionMask = 2147483647;
			files = (
			);
			runOnlyForDeploymentPostprocessing = 0;
		};
/* End PBXFrameworksBuildPhase section */

/* Begin PBXGroup section */
		D99A2839207691E40017F516 = {
			isa = PBXGroup;
			children = (
				D99A2844207691E40017F516 /* Field Survey */,
				D99A2843207691E40017F516 /* Products */,
			);
			sourceTree = "<group>";
		};
		D99A2843207691E40017F516 /* Products */ = {
			isa = PBXGroup;
			children = (
				D99A2842207691E40017F516 /* Field Survey.app */,
			);
			name = Products;
			sourceTree = "<group>";
		};
		D99A2844207691E40017F516 /* Field Survey */ = {
			isa = PBXGroup;
			children = (
				D99A2857207695FD0017F516 /* Model */,
				D99A2845207691E40017F516 /* AppDelegate.swift */,
				D99A2849207691E40017F516 /* Main.storyboard */,
				D99A284C207691E60017F516 /* Assets.xcassets */,
				D99A284E207691E60017F516 /* LaunchScreen.storyboard */,
				D99A2851207691E60017F516 /* Info.plist */,
				D99A28642076B2060017F516 /* ClassificationAnimalsViewController.swift */,
				D99A28662076B2380017F516 /* ObservationViewController.swift */,
				D99A28682076B80E0017F516 /* ObservationTableViewCell.swift */,
			);
			path = "Field Survey";
			sourceTree = "<group>";
		};
		D99A2857207695FD0017F516 /* Model */ = {
			isa = PBXGroup;
			children = (
				D99A285A207696C30017F516 /* field_observations.json */,
				D99A285C2076980D0017F516 /* Classification.swift */,
				D99A285E20769B8E0017F516 /* ClassificationAnimal.swift */,
				D99A28602076A0B50017F516 /* ClassificationAnimalJSONParser.swift */,
				D99A28622076A8CA0017F516 /* ClassificationAnimalJSONLoader.swift */,
			);
			path = Model;
			sourceTree = "<group>";
		};
/* End PBXGroup section */

/* Begin PBXNativeTarget section */
		D99A2841207691E40017F516 /* Field Survey */ = {
			isa = PBXNativeTarget;
			buildConfigurationList = D99A2854207691E60017F516 /* Build configuration list for PBXNativeTarget "Field Survey" */;
			buildPhases = (
				D99A283E207691E40017F516 /* Sources */,
				D99A283F207691E40017F516 /* Frameworks */,
				D99A2840207691E40017F516 /* Resources */,
			);
			buildRules = (
			);
			dependencies = (
			);
			name = "Field Survey";
			productName = "Field Survey";
			productReference = D99A2842207691E40017F516 /* Field Survey.app */;
			productType = "com.apple.product-type.application";
		};
/* End PBXNativeTarget section */

/* Begin PBXProject section */
		D99A283A207691E40017F516 /* Project object */ = {
			isa = PBXProject;
			attributes = {
				LastSwiftUpdateCheck = 0930;
				LastUpgradeCheck = 0930;
				ORGANIZATIONNAME = "Cody McIlviane";
				TargetAttributes = {
					D99A2841207691E40017F516 = {
						CreatedOnToolsVersion = 9.3;
					};
				};
			};
			buildConfigurationList = D99A283D207691E40017F516 /* Build configuration list for PBXProject "Field Survey" */;
			compatibilityVersion = "Xcode 9.3";
			developmentRegion = en;
			hasScannedForEncodings = 0;
			knownRegions = (
				en,
				Base,
			);
			mainGroup = D99A2839207691E40017F516;
			productRefGroup = D99A2843207691E40017F516 /* Products */;
			projectDirPath = "";
			projectRoot = "";
			targets = (
				D99A2841207691E40017F516 /* Field Survey */,
			);
		};
/* End PBXProject section */

/* Begin PBXResourcesBuildPhase section */
		D99A2840207691E40017F516 /* Resources */ = {
			isa = PBXResourcesBuildPhase;
			buildActionMask = 2147483647;
			files = (
				D99A2850207691E60017F516 /* LaunchScreen.storyboard in Resources */,
				D99A285B207696C30017F516 /* field_observations.json in Resources */,
				D99A284D207691E60017F516 /* Assets.xcassets in Resources */,
				D99A284B207691E40017F516 /* Main.storyboard in Resources */,
			);
			runOnlyForDeploymentPostprocessing = 0;
		};
/* End PBXResourcesBuildPhase section */

/* Begin PBXSourcesBuildPhase section */
		D99A283E207691E40017F516 /* Sources */ = {
			isa = PBXSourcesBuildPhase;
			buildActionMask = 2147483647;
			files = (
				D99A28692076B80E0017F516 /* ObservationTableViewCell.swift in Sources */,
				D99A28672076B2380017F516 /* ObservationViewController.swift in Sources */,
				D99A28612076A0B50017F516 /* ClassificationAnimalJSONParser.swift in Sources */,
				D99A285D2076980D0017F516 /* Classification.swift in Sources */,
				D99A28652076B2060017F516 /* ClassificationAnimalsViewController.swift in Sources */,
				D99A285F20769B8E0017F516 /* ClassificationAnimal.swift in Sources */,
				D99A28632076A8CA0017F516 /* ClassificationAnimalJSONLoader.swift in Sources */,
				D99A2846207691E40017F516 /* AppDelegate.swift in Sources */,
			);
			runOnlyForDeploymentPostprocessing = 0;
		};
/* End PBXSourcesBuildPhase section */

/* Begin PBXVariantGroup section */
		D99A2849207691E40017F516 /* Main.storyboard */ = {
			isa = PBXVariantGroup;
			children = (
				D99A284A207691E40017F516 /* Base */,
			);
			name = Main.storyboard;
			sourceTree = "<group>";
		};
		D99A284E207691E60017F516 /* LaunchScreen.storyboard */ = {
			isa = PBXVariantGroup;
			children = (
				D99A284F207691E60017F516 /* Base */,
			);
			name = LaunchScreen.storyboard;
			sourceTree = "<group>";
		};
/* End PBXVariantGroup section */

/* Begin XCBuildConfiguration section */
		D99A2852207691E60017F516 /* Debug */ = {
			isa = XCBuildConfiguration;
			buildSettings = {
				ALWAYS_SEARCH_USER_PATHS = NO;
				CLANG_ANALYZER_NONNULL = YES;
				CLANG_ANALYZER_NUMBER_OBJECT_CONVERSION = YES_AGGRESSIVE;
				CLANG_CXX_LANGUAGE_STANDARD = "gnu++14";
				CLANG_CXX_LIBRARY = "libc++";
				CLANG_ENABLE_MODULES = YES;
				CLANG_ENABLE_OBJC_ARC = YES;
				CLANG_ENABLE_OBJC_WEAK = YES;
				CLANG_WARN_BLOCK_CAPTURE_AUTORELEASING = YES;
				CLANG_WARN_BOOL_CONVERSION = YES;
				CLANG_WARN_COMMA = YES;
				CLANG_WARN_CONSTANT_CONVERSION = YES;
				CLANG_WARN_DEPRECATED_OBJC_IMPLEMENTATIONS = YES;
				CLANG_WARN_DIRECT_OBJC_ISA_USAGE = YES_ERROR;
				CLANG_WARN_DOCUMENTATION_COMMENTS = YES;
				CLANG_WARN_EMPTY_BODY = YES;
				CLANG_WARN_ENUM_CONVERSION = YES;
				CLANG_WARN_INFINITE_RECURSION = YES;
				CLANG_WARN_INT_CONVERSION = YES;
				CLANG_WARN_NON_LITERAL_NULL_CONVERSION = YES;
				CLANG_WARN_OBJC_IMPLICIT_RETAIN_SELF = YES;
				CLANG_WARN_OBJC_LITERAL_CONVERSION = YES;
				CLANG_WARN_OBJC_ROOT_CLASS = YES_ERROR;
				CLANG_WARN_RANGE_LOOP_ANALYSIS = YES;
				CLANG_WARN_STRICT_PROTOTYPES = YES;
				CLANG_WARN_SUSPICIOUS_MOVE = YES;
				CLANG_WARN_UNGUARDED_AVAILABILITY = YES_AGGRESSIVE;
				CLANG_WARN_UNREACHABLE_CODE = YES;
				CLANG_WARN__DUPLICATE_METHOD_MATCH = YES;
				CODE_SIGN_IDENTITY = "iPhone Developer";
				COPY_PHASE_STRIP = NO;
				DEBUG_INFORMATION_FORMAT = dwarf;
				ENABLE_STRICT_OBJC_MSGSEND = YES;
				ENABLE_TESTABILITY = YES;
				GCC_C_LANGUAGE_STANDARD = gnu11;
				GCC_DYNAMIC_NO_PIC = NO;
				GCC_NO_COMMON_BLOCKS = YES;
				GCC_OPTIMIZATION_LEVEL = 0;
				GCC_PREPROCESSOR_DEFINITIONS = (
					"DEBUG=1",
					"$(inherited)",
				);
				GCC_WARN_64_TO_32_BIT_CONVERSION = YES;
				GCC_WARN_ABOUT_RETURN_TYPE = YES_ERROR;
				GCC_WARN_UNDECLARED_SELECTOR = YES;
				GCC_WARN_UNINITIALIZED_AUTOS = YES_AGGRESSIVE;
				GCC_WARN_UNUSED_FUNCTION = YES;
				GCC_WARN_UNUSED_VARIABLE = YES;
				IPHONEOS_DEPLOYMENT_TARGET = 11.3;
				MTL_ENABLE_DEBUG_INFO = YES;
				ONLY_ACTIVE_ARCH = YES;
				SDKROOT = iphoneos;
				SWIFT_ACTIVE_COMPILATION_CONDITIONS = DEBUG;
				SWIFT_OPTIMIZATION_LEVEL = "-Onone";
			};
			name = Debug;
		};
		D99A2853207691E60017F516 /* Release */ = {
			isa = XCBuildConfiguration;
			buildSettings = {
				ALWAYS_SEARCH_USER_PATHS = NO;
				CLANG_ANALYZER_NONNULL = YES;
				CLANG_ANALYZER_NUMBER_OBJECT_CONVERSION = YES_AGGRESSIVE;
				CLANG_CXX_LANGUAGE_STANDARD = "gnu++14";
				CLANG_CXX_LIBRARY = "libc++";
				CLANG_ENABLE_MODULES = YES;
				CLANG_ENABLE_OBJC_ARC = YES;
				CLANG_ENABLE_OBJC_WEAK = YES;
				CLANG_WARN_BLOCK_CAPTURE_AUTORELEASING = YES;
				CLANG_WARN_BOOL_CONVERSION = YES;
				CLANG_WARN_COMMA = YES;
				CLANG_WARN_CONSTANT_CONVERSION = YES;
				CLANG_WARN_DEPRECATED_OBJC_IMPLEMENTATIONS = YES;
				CLANG_WARN_DIRECT_OBJC_ISA_USAGE = YES_ERROR;
				CLANG_WARN_DOCUMENTATION_COMMENTS = YES;
				CLANG_WARN_EMPTY_BODY = YES;
				CLANG_WARN_ENUM_CONVERSION = YES;
				CLANG_WARN_INFINITE_RECURSION = YES;
				CLANG_WARN_INT_CONVERSION = YES;
				CLANG_WARN_NON_LITERAL_NULL_CONVERSION = YES;
				CLANG_WARN_OBJC_IMPLICIT_RETAIN_SELF = YES;
				CLANG_WARN_OBJC_LITERAL_CONVERSION = YES;
				CLANG_WARN_OBJC_ROOT_CLASS = YES_ERROR;
				CLANG_WARN_RANGE_LOOP_ANALYSIS = YES;
				CLANG_WARN_STRICT_PROTOTYPES = YES;
				CLANG_WARN_SUSPICIOUS_MOVE = YES;
				CLANG_WARN_UNGUARDED_AVAILABILITY = YES_AGGRESSIVE;
				CLANG_WARN_UNREACHABLE_CODE = YES;
				CLANG_WARN__DUPLICATE_METHOD_MATCH = YES;
				CODE_SIGN_IDENTITY = "iPhone Developer";
				COPY_PHASE_STRIP = NO;
				DEBUG_INFORMATION_FORMAT = "dwarf-with-dsym";
				ENABLE_NS_ASSERTIONS = NO;
				ENABLE_STRICT_OBJC_MSGSEND = YES;
				GCC_C_LANGUAGE_STANDARD = gnu11;
				GCC_NO_COMMON_BLOCKS = YES;
				GCC_WARN_64_TO_32_BIT_CONVERSION = YES;
				GCC_WARN_ABOUT_RETURN_TYPE = YES_ERROR;
				GCC_WARN_UNDECLARED_SELECTOR = YES;
				GCC_WARN_UNINITIALIZED_AUTOS = YES_AGGRESSIVE;
				GCC_WARN_UNUSED_FUNCTION = YES;
				GCC_WARN_UNUSED_VARIABLE = YES;
				IPHONEOS_DEPLOYMENT_TARGET = 11.3;
				MTL_ENABLE_DEBUG_INFO = NO;
				SDKROOT = iphoneos;
				SWIFT_COMPILATION_MODE = wholemodule;
				SWIFT_OPTIMIZATION_LEVEL = "-O";
				VALIDATE_PRODUCT = YES;
			};
			name = Release;
		};
		D99A2855207691E60017F516 /* Debug */ = {
			isa = XCBuildConfiguration;
			buildSettings = {
				ASSETCATALOG_COMPILER_APPICON_NAME = AppIcon;
				CODE_SIGN_STYLE = Automatic;
				INFOPLIST_FILE = "Field Survey/Info.plist";
				LD_RUNPATH_SEARCH_PATHS = (
					"$(inherited)",
					"@executable_path/Frameworks",
				);
				PRODUCT_BUNDLE_IDENTIFIER = "mcilvaine.cody.Field-Survey";
				PRODUCT_NAME = "$(TARGET_NAME)";
				SWIFT_VERSION = 4.0;
				TARGETED_DEVICE_FAMILY = "1,2";
			};
			name = Debug;
		};
		D99A2856207691E60017F516 /* Release */ = {
			isa = XCBuildConfiguration;
			buildSettings = {
				ASSETCATALOG_COMPILER_APPICON_NAME = AppIcon;
				CODE_SIGN_STYLE = Automatic;
				INFOPLIST_FILE = "Field Survey/Info.plist";
				LD_RUNPATH_SEARCH_PATHS = (
					"$(inherited)",
					"@executable_path/Frameworks",
				);
				PRODUCT_BUNDLE_IDENTIFIER = "mcilvaine.cody.Field-Survey";
				PRODUCT_NAME = "$(TARGET_NAME)";
				SWIFT_VERSION = 4.0;
				TARGETED_DEVICE_FAMILY = "1,2";
			};
			name = Release;
		};
/* End XCBuildConfiguration section */

/* Begin XCConfigurationList section */
		D99A283D207691E40017F516 /* Build configuration list for PBXProject "Field Survey" */ = {
			isa = XCConfigurationList;
			buildConfigurations = (
				D99A2852207691E60017F516 /* Debug */,
				D99A2853207691E60017F516 /* Release */,
			);
			defaultConfigurationIsVisible = 0;
			defaultConfigurationName = Release;
		};
		D99A2854207691E60017F516 /* Build configuration list for PBXNativeTarget "Field Survey" */ = {
			isa = XCConfigurationList;
			buildConfigurations = (
				D99A2855207691E60017F516 /* Debug */,
				D99A2856207691E60017F516 /* Release */,
			);
			defaultConfigurationIsVisible = 0;
			defaultConfigurationName = Release;
		};
/* End XCConfigurationList section */
	};
	rootObject = D99A283A207691E40017F516 /* Project object */;
}
